
Microsoft Visual Studio Solution File, Format Version 12.00
# Visual Studio Version 17
VisualStudioVersion = 17.5.33516.290
MinimumVisualStudioVersion = 10.0.40219.1
Project("{FAE04EC0-301F-11D3-BF4B-00C04F79EFBC}") = "API_Gateway", "API_Gateway.csproj", "{6860FE21-5F0B-4795-91FA-387D2EDBA2B9}"
EndProject
Global
	GlobalSection(SolutionConfigurationPlatforms) = preSolution
		Debug|Any CPU = Debug|Any CPU
		Release|Any CPU = Release|Any CPU
	EndGlobalSection
	GlobalSection(ProjectConfigurationPlatforms) = postSolution
		{6860FE21-5F0B-4795-91FA-387D2EDBA2B9}.Debug|Any CPU.ActiveCfg = Debug|Any CPU
		{6860FE21-5F0B-4795-91FA-387D2EDBA2B9}.Debug|Any CPU.Build.0 = Debug|Any CPU
		{6860FE21-5F0B-4795-91FA-387D2EDBA2B9}.Release|Any CPU.ActiveCfg = Release|Any CPU
		{6860FE21-5F0B-4795-91FA-387D2EDBA2B9}.Release|Any CPU.Build.0 = Release|Any CPU
	EndGlobalSection
	GlobalSection(SolutionProperties) = preSolution
		HideSolutionNode = FALSE
	EndGlobalSection
	GlobalSection(ExtensibilityGlobals) = postSolution
		SolutionGuid = {DF765D69-ABF8-43DB-8558-CEED92A02F16}
	EndGlobalSection
EndGlobal
